// !$*UTF8*$!
{
	archiveVersion = 1;
	classes = {
	};
	objectVersion = 46;
	objects = {

/* Begin PBXBuildFile section */
		500B8C7E1989753400BB89EF /* Settings.bundle in Resources */ = {isa = PBXBuildFile; fileRef = 500B8C7D1989753400BB89EF /* Settings.bundle */; };
		500B8C811989827000BB89EF /* SettingsViewController.m in Sources */ = {isa = PBXBuildFile; fileRef = 500B8C801989827000BB89EF /* SettingsViewController.m */; };
		503C47C619881F6B008BC373 /* Foundation.framework in Frameworks */ = {isa = PBXBuildFile; fileRef = 503C47C519881F6B008BC373 /* Foundation.framework */; };
		503C47C819881F6B008BC373 /* CoreGraphics.framework in Frameworks */ = {isa = PBXBuildFile; fileRef = 503C47C719881F6B008BC373 /* CoreGraphics.framework */; };
		503C47CA19881F6B008BC373 /* UIKit.framework in Frameworks */ = {isa = PBXBuildFile; fileRef = 503C47C919881F6B008BC373 /* UIKit.framework */; };
		503C47D019881F6B008BC373 /* InfoPlist.strings in Resources */ = {isa = PBXBuildFile; fileRef = 503C47CE19881F6B008BC373 /* InfoPlist.strings */; };
		503C47D219881F6B008BC373 /* main.m in Sources */ = {isa = PBXBuildFile; fileRef = 503C47D119881F6B008BC373 /* main.m */; };
		503C47D619881F6B008BC373 /* AppDelegate.m in Sources */ = {isa = PBXBuildFile; fileRef = 503C47D519881F6B008BC373 /* AppDelegate.m */; };
		503C47DF19881F6B008BC373 /* ViewController.m in Sources */ = {isa = PBXBuildFile; fileRef = 503C47DE19881F6B008BC373 /* ViewController.m */; };
		503C47E119881F6B008BC373 /* Images.xcassets in Resources */ = {isa = PBXBuildFile; fileRef = 503C47E019881F6B008BC373 /* Images.xcassets */; };
		503C48021988414F008BC373 /* GCDAsyncUdpSocket.m in Sources */ = {isa = PBXBuildFile; fileRef = 503C48011988414F008BC373 /* GCDAsyncUdpSocket.m */; };
		506D05DB1A2F275800CE0A0E /* scene.DAE in Resources */ = {isa = PBXBuildFile; fileRef = 506D05DA1A2F275800CE0A0E /* scene.DAE */; };
		506D05DD1A2F287200CE0A0E /* SceneKit.framework in Frameworks */ = {isa = PBXBuildFile; fileRef = 506D05DC1A2F287200CE0A0E /* SceneKit.framework */; };
		506D05DF1A2F28D300CE0A0E /* Main_iPhone.storyboard in Resources */ = {isa = PBXBuildFile; fileRef = 503C47D719881F6B008BC373 /* Main_iPhone.storyboard */; };
		506D05E51A2F356500CE0A0E /* plane.shader in Resources */ = {isa = PBXBuildFile; fileRef = 506D05E41A2F356500CE0A0E /* plane.shader */; };
		50A31D011A647750007C28A1 /* InstructionPageViewController.m in Sources */ = {isa = PBXBuildFile; fileRef = 50A31D001A647750007C28A1 /* InstructionPageViewController.m */; };
		50DF8F431A41A27D0017217A /* Background3dView.m in Sources */ = {isa = PBXBuildFile; fileRef = 50DF8F421A41A27D0017217A /* Background3dView.m */; };
		50EB9DCD1A5F2EB600D7BFF6 /* instruction1.png in Resources */ = {isa = PBXBuildFile; fileRef = 50EB9DC61A5F2EB600D7BFF6 /* instruction1.png */; };
		50EB9DCE1A5F2EB600D7BFF6 /* instruction2.png in Resources */ = {isa = PBXBuildFile; fileRef = 50EB9DC71A5F2EB600D7BFF6 /* instruction2.png */; };
		50EB9DCF1A5F2EB600D7BFF6 /* instruction3.png in Resources */ = {isa = PBXBuildFile; fileRef = 50EB9DC81A5F2EB600D7BFF6 /* instruction3.png */; };
		50EB9DD01A5F2EB600D7BFF6 /* instruction4.png in Resources */ = {isa = PBXBuildFile; fileRef = 50EB9DC91A5F2EB600D7BFF6 /* instruction4.png */; };
		50EB9DD11A5F2EB600D7BFF6 /* instruction5.png in Resources */ = {isa = PBXBuildFile; fileRef = 50EB9DCA1A5F2EB600D7BFF6 /* instruction5.png */; };
		50EB9DD21A5F2EB600D7BFF6 /* logo+title.png in Resources */ = {isa = PBXBuildFile; fileRef = 50EB9DCB1A5F2EB600D7BFF6 /* logo+title.png */; };
		50EB9DD31A5F2EB600D7BFF6 /* overlay.png in Resources */ = {isa = PBXBuildFile; fileRef = 50EB9DCC1A5F2EB600D7BFF6 /* overlay.png */; };
/* End PBXBuildFile section */

/* Begin PBXFileReference section */
		500B8C7D1989753400BB89EF /* Settings.bundle */ = {isa = PBXFileReference; lastKnownFileType = "wrapper.plug-in"; name = Settings.bundle; path = "mobile-vr-controller/Settings.bundle"; sourceTree = "<group>"; };
		500B8C7F1989827000BB89EF /* SettingsViewController.h */ = {isa = PBXFileReference; fileEncoding = 4; lastKnownFileType = sourcecode.c.h; path = SettingsViewController.h; sourceTree = "<group>"; };
		500B8C801989827000BB89EF /* SettingsViewController.m */ = {isa = PBXFileReference; fileEncoding = 4; lastKnownFileType = sourcecode.c.objc; path = SettingsViewController.m; sourceTree = "<group>"; };
		503C47C219881F6B008BC373 /* VR Touch Control.app */ = {isa = PBXFileReference; explicitFileType = wrapper.application; includeInIndex = 0; path = "VR Touch Control.app"; sourceTree = BUILT_PRODUCTS_DIR; };
		503C47C519881F6B008BC373 /* Foundation.framework */ = {isa = PBXFileReference; lastKnownFileType = wrapper.framework; name = Foundation.framework; path = System/Library/Frameworks/Foundation.framework; sourceTree = SDKROOT; };
		503C47C719881F6B008BC373 /* CoreGraphics.framework */ = {isa = PBXFileReference; lastKnownFileType = wrapper.framework; name = CoreGraphics.framework; path = System/Library/Frameworks/CoreGraphics.framework; sourceTree = SDKROOT; };
		503C47C919881F6B008BC373 /* UIKit.framework */ = {isa = PBXFileReference; lastKnownFileType = wrapper.framework; name = UIKit.framework; path = System/Library/Frameworks/UIKit.framework; sourceTree = SDKROOT; };
		503C47CD19881F6B008BC373 /* mobile-vr-controller-Info.plist */ = {isa = PBXFileReference; lastKnownFileType = text.plist.xml; path = "mobile-vr-controller-Info.plist"; sourceTree = "<group>"; };
		503C47CF19881F6B008BC373 /* en */ = {isa = PBXFileReference; lastKnownFileType = text.plist.strings; name = en; path = en.lproj/InfoPlist.strings; sourceTree = "<group>"; };
		503C47D119881F6B008BC373 /* main.m */ = {isa = PBXFileReference; lastKnownFileType = sourcecode.c.objc; path = main.m; sourceTree = "<group>"; };
		503C47D319881F6B008BC373 /* mobile-vr-controller-Prefix.pch */ = {isa = PBXFileReference; lastKnownFileType = sourcecode.c.h; path = "mobile-vr-controller-Prefix.pch"; sourceTree = "<group>"; };
		503C47D419881F6B008BC373 /* AppDelegate.h */ = {isa = PBXFileReference; lastKnownFileType = sourcecode.c.h; path = AppDelegate.h; sourceTree = "<group>"; };
		503C47D519881F6B008BC373 /* AppDelegate.m */ = {isa = PBXFileReference; lastKnownFileType = sourcecode.c.objc; path = AppDelegate.m; sourceTree = "<group>"; };
		503C47D819881F6B008BC373 /* Base */ = {isa = PBXFileReference; lastKnownFileType = file.storyboard; name = Base; path = Base.lproj/Main_iPhone.storyboard; sourceTree = "<group>"; };
		503C47DD19881F6B008BC373 /* ViewController.h */ = {isa = PBXFileReference; lastKnownFileType = sourcecode.c.h; path = ViewController.h; sourceTree = "<group>"; };
		503C47DE19881F6B008BC373 /* ViewController.m */ = {isa = PBXFileReference; lastKnownFileType = sourcecode.c.objc; path = ViewController.m; sourceTree = "<group>"; };
		503C47E019881F6B008BC373 /* Images.xcassets */ = {isa = PBXFileReference; lastKnownFileType = folder.assetcatalog; path = Images.xcassets; sourceTree = "<group>"; };
		503C48001988414F008BC373 /* GCDAsyncUdpSocket.h */ = {isa = PBXFileReference; fileEncoding = 4; lastKnownFileType = sourcecode.c.h; path = GCDAsyncUdpSocket.h; sourceTree = "<group>"; };
		503C48011988414F008BC373 /* GCDAsyncUdpSocket.m */ = {isa = PBXFileReference; fileEncoding = 4; lastKnownFileType = sourcecode.c.objc; path = GCDAsyncUdpSocket.m; sourceTree = "<group>"; };
		506D05DA1A2F275800CE0A0E /* scene.DAE */ = {isa = PBXFileReference; fileEncoding = 4; lastKnownFileType = text.xml.dae; path = scene.DAE; sourceTree = "<group>"; };
		506D05DC1A2F287200CE0A0E /* SceneKit.framework */ = {isa = PBXFileReference; lastKnownFileType = wrapper.framework; name = SceneKit.framework; path = System/Library/Frameworks/SceneKit.framework; sourceTree = SDKROOT; };
		506D05E41A2F356500CE0A0E /* plane.shader */ = {isa = PBXFileReference; fileEncoding = 4; lastKnownFileType = text; path = plane.shader; sourceTree = "<group>"; };
		50A31CFF1A647750007C28A1 /* InstructionPageViewController.h */ = {isa = PBXFileReference; fileEncoding = 4; lastKnownFileType = sourcecode.c.h; path = InstructionPageViewController.h; sourceTree = "<group>"; };
		50A31D001A647750007C28A1 /* InstructionPageViewController.m */ = {isa = PBXFileReference; fileEncoding = 4; lastKnownFileType = sourcecode.c.objc; path = InstructionPageViewController.m; sourceTree = "<group>"; };
		50DF8F411A41A27D0017217A /* Background3dView.h */ = {isa = PBXFileReference; fileEncoding = 4; lastKnownFileType = sourcecode.c.h; path = Background3dView.h; sourceTree = "<group>"; };
		50DF8F421A41A27D0017217A /* Background3dView.m */ = {isa = PBXFileReference; fileEncoding = 4; lastKnownFileType = sourcecode.c.objc; path = Background3dView.m; sourceTree = "<group>"; };
		50EB9DC61A5F2EB600D7BFF6 /* instruction1.png */ = {isa = PBXFileReference; lastKnownFileType = image.png; path = instruction1.png; sourceTree = "<group>"; };
		50EB9DC71A5F2EB600D7BFF6 /* instruction2.png */ = {isa = PBXFileReference; lastKnownFileType = image.png; path = instruction2.png; sourceTree = "<group>"; };
		50EB9DC81A5F2EB600D7BFF6 /* instruction3.png */ = {isa = PBXFileReference; lastKnownFileType = image.png; path = instruction3.png; sourceTree = "<group>"; };
		50EB9DC91A5F2EB600D7BFF6 /* instruction4.png */ = {isa = PBXFileReference; lastKnownFileType = image.png; path = instruction4.png; sourceTree = "<group>"; };
		50EB9DCA1A5F2EB600D7BFF6 /* instruction5.png */ = {isa = PBXFileReference; lastKnownFileType = image.png; path = instruction5.png; sourceTree = "<group>"; };
		50EB9DCB1A5F2EB600D7BFF6 /* logo+title.png */ = {isa = PBXFileReference; lastKnownFileType = image.png; path = "logo+title.png"; sourceTree = "<group>"; };
		50EB9DCC1A5F2EB600D7BFF6 /* overlay.png */ = {isa = PBXFileReference; lastKnownFileType = image.png; path = overlay.png; sourceTree = "<group>"; };
/* End PBXFileReference section */

/* Begin PBXFrameworksBuildPhase section */
		503C47BF19881F6B008BC373 /* Frameworks */ = {
			isa = PBXFrameworksBuildPhase;
			buildActionMask = 2147483647;
			files = (
				506D05DD1A2F287200CE0A0E /* SceneKit.framework in Frameworks */,
				503C47C819881F6B008BC373 /* CoreGraphics.framework in Frameworks */,
				503C47CA19881F6B008BC373 /* UIKit.framework in Frameworks */,
				503C47C619881F6B008BC373 /* Foundation.framework in Frameworks */,
			);
			runOnlyForDeploymentPostprocessing = 0;
		};
/* End PBXFrameworksBuildPhase section */

/* Begin PBXGroup section */
		503C47B919881F6B008BC373 = {
			isa = PBXGroup;
			children = (
				500B8C7D1989753400BB89EF /* Settings.bundle */,
				503C47CB19881F6B008BC373 /* mobile-vr-controller */,
				50EB9DC51A5F2EB600D7BFF6 /* UI */,
				503C47C419881F6B008BC373 /* Frameworks */,
				503C47C319881F6B008BC373 /* Products */,
			);
			sourceTree = "<group>";
		};
		503C47C319881F6B008BC373 /* Products */ = {
			isa = PBXGroup;
			children = (
				503C47C219881F6B008BC373 /* VR Touch Control.app */,
			);
			name = Products;
			sourceTree = "<group>";
		};
		503C47C419881F6B008BC373 /* Frameworks */ = {
			isa = PBXGroup;
			children = (
				506D05DC1A2F287200CE0A0E /* SceneKit.framework */,
				503C47C519881F6B008BC373 /* Foundation.framework */,
				503C47C719881F6B008BC373 /* CoreGraphics.framework */,
				503C47C919881F6B008BC373 /* UIKit.framework */,
			);
			name = Frameworks;
			sourceTree = "<group>";
		};
		503C47CB19881F6B008BC373 /* mobile-vr-controller */ = {
			isa = PBXGroup;
			children = (
				50A31CFF1A647750007C28A1 /* InstructionPageViewController.h */,
				50A31D001A647750007C28A1 /* InstructionPageViewController.m */,
				506D05E41A2F356500CE0A0E /* plane.shader */,
				503C48001988414F008BC373 /* GCDAsyncUdpSocket.h */,
				503C48011988414F008BC373 /* GCDAsyncUdpSocket.m */,
				503C47D419881F6B008BC373 /* AppDelegate.h */,
				503C47D519881F6B008BC373 /* AppDelegate.m */,
				503C47D719881F6B008BC373 /* Main_iPhone.storyboard */,
				506D05DA1A2F275800CE0A0E /* scene.DAE */,
				500B8C7F1989827000BB89EF /* SettingsViewController.h */,
				500B8C801989827000BB89EF /* SettingsViewController.m */,
				503C47DD19881F6B008BC373 /* ViewController.h */,
				503C47DE19881F6B008BC373 /* ViewController.m */,
				50DF8F411A41A27D0017217A /* Background3dView.h */,
				50DF8F421A41A27D0017217A /* Background3dView.m */,
				503C47E019881F6B008BC373 /* Images.xcassets */,
				503C47CC19881F6B008BC373 /* Supporting Files */,
			);
			path = "mobile-vr-controller";
			sourceTree = "<group>";
		};
		503C47CC19881F6B008BC373 /* Supporting Files */ = {
			isa = PBXGroup;
			children = (
				503C47CD19881F6B008BC373 /* mobile-vr-controller-Info.plist */,
				503C47CE19881F6B008BC373 /* InfoPlist.strings */,
				503C47D119881F6B008BC373 /* main.m */,
				503C47D319881F6B008BC373 /* mobile-vr-controller-Prefix.pch */,
			);
			name = "Supporting Files";
			sourceTree = "<group>";
		};
		50EB9DC51A5F2EB600D7BFF6 /* UI */ = {
			isa = PBXGroup;
			children = (
				50EB9DC61A5F2EB600D7BFF6 /* instruction1.png */,
				50EB9DC71A5F2EB600D7BFF6 /* instruction2.png */,
				50EB9DC81A5F2EB600D7BFF6 /* instruction3.png */,
				50EB9DC91A5F2EB600D7BFF6 /* instruction4.png */,
				50EB9DCA1A5F2EB600D7BFF6 /* instruction5.png */,
				50EB9DCB1A5F2EB600D7BFF6 /* logo+title.png */,
				50EB9DCC1A5F2EB600D7BFF6 /* overlay.png */,
			);
			name = UI;
			path = "mobile-vr-controller/UI";
			sourceTree = "<group>";
		};
/* End PBXGroup section */

/* Begin PBXNativeTarget section */
		503C47C119881F6B008BC373 /* mobile-vr-controller */ = {
			isa = PBXNativeTarget;
			buildConfigurationList = 503C47F719881F6B008BC373 /* Build configuration list for PBXNativeTarget "mobile-vr-controller" */;
			buildPhases = (
				503C47BE19881F6B008BC373 /* Sources */,
				503C47BF19881F6B008BC373 /* Frameworks */,
				503C47C019881F6B008BC373 /* Resources */,
			);
			buildRules = (
			);
			dependencies = (
			);
			name = "mobile-vr-controller";
			productName = "mobile-vr-controller";
			productReference = 503C47C219881F6B008BC373 /* VR Touch Control.app */;
			productType = "com.apple.product-type.application";
		};
/* End PBXNativeTarget section */

/* Begin PBXProject section */
		503C47BA19881F6B008BC373 /* Project object */ = {
			isa = PBXProject;
			attributes = {
				LastUpgradeCheck = 0510;
				ORGANIZATIONNAME = "Lumacode Ltd.";
				TargetAttributes = {
					503C47C119881F6B008BC373 = {
						DevelopmentTeam = 9JJ5WE228M;
					};
				};
			};
			buildConfigurationList = 503C47BD19881F6B008BC373 /* Build configuration list for PBXProject "mobile-vr-controller" */;
			compatibilityVersion = "Xcode 3.2";
			developmentRegion = English;
			hasScannedForEncodings = 0;
			knownRegions = (
				en,
				Base,
			);
			mainGroup = 503C47B919881F6B008BC373;
			productRefGroup = 503C47C319881F6B008BC373 /* Products */;
			projectDirPath = "";
			projectRoot = "";
			targets = (
				503C47C119881F6B008BC373 /* mobile-vr-controller */,
			);
		};
/* End PBXProject section */

/* Begin PBXResourcesBuildPhase section */
		503C47C019881F6B008BC373 /* Resources */ = {
			isa = PBXResourcesBuildPhase;
			buildActionMask = 2147483647;
			files = (
				506D05DF1A2F28D300CE0A0E /* Main_iPhone.storyboard in Resources */,
				50EB9DCF1A5F2EB600D7BFF6 /* instruction3.png in Resources */,
				503C47E119881F6B008BC373 /* Images.xcassets in Resources */,
				500B8C7E1989753400BB89EF /* Settings.bundle in Resources */,
				50EB9DCE1A5F2EB600D7BFF6 /* instruction2.png in Resources */,
				506D05E51A2F356500CE0A0E /* plane.shader in Resources */,
				506D05DB1A2F275800CE0A0E /* scene.DAE in Resources */,
				50EB9DCD1A5F2EB600D7BFF6 /* instruction1.png in Resources */,
				503C47D019881F6B008BC373 /* InfoPlist.strings in Resources */,
				50EB9DD11A5F2EB600D7BFF6 /* instruction5.png in Resources */,
				50EB9DD01A5F2EB600D7BFF6 /* instruction4.png in Resources */,
				50EB9DD31A5F2EB600D7BFF6 /* overlay.png in Resources */,
				50EB9DD21A5F2EB600D7BFF6 /* logo+title.png in Resources */,
			);
			runOnlyForDeploymentPostprocessing = 0;
		};
/* End PBXResourcesBuildPhase section */

/* Begin PBXSourcesBuildPhase section */
		503C47BE19881F6B008BC373 /* Sources */ = {
			isa = PBXSourcesBuildPhase;
			buildActionMask = 2147483647;
			files = (
				503C48021988414F008BC373 /* GCDAsyncUdpSocket.m in Sources */,
				503C47DF19881F6B008BC373 /* ViewController.m in Sources */,
				500B8C811989827000BB89EF /* SettingsViewController.m in Sources */,
				50DF8F431A41A27D0017217A /* Background3dView.m in Sources */,
				503C47D619881F6B008BC373 /* AppDelegate.m in Sources */,
				503C47D219881F6B008BC373 /* main.m in Sources */,
				50A31D011A647750007C28A1 /* InstructionPageViewController.m in Sources */,
			);
			runOnlyForDeploymentPostprocessing = 0;
		};
/* End PBXSourcesBuildPhase section */

/* Begin PBXVariantGroup section */
		503C47CE19881F6B008BC373 /* InfoPlist.strings */ = {
			isa = PBXVariantGroup;
			children = (
				503C47CF19881F6B008BC373 /* en */,
			);
			name = InfoPlist.strings;
			sourceTree = "<group>";
		};
		503C47D719881F6B008BC373 /* Main_iPhone.storyboard */ = {
			isa = PBXVariantGroup;
			children = (
				503C47D819881F6B008BC373 /* Base */,
			);
			name = Main_iPhone.storyboard;
			sourceTree = "<group>";
		};
/* End PBXVariantGroup section */

/* Begin XCBuildConfiguration section */
		503C47F519881F6B008BC373 /* Debug */ = {
			isa = XCBuildConfiguration;
			buildSettings = {
				ALWAYS_SEARCH_USER_PATHS = NO;
				CLANG_CXX_LANGUAGE_STANDARD = "gnu++0x";
				CLANG_CXX_LIBRARY = "libc++";
				CLANG_ENABLE_MODULES = YES;
				CLANG_ENABLE_OBJC_ARC = YES;
				CLANG_WARN_BOOL_CONVERSION = YES;
				CLANG_WARN_CONSTANT_CONVERSION = YES;
				CLANG_WARN_DIRECT_OBJC_ISA_USAGE = YES_ERROR;
				CLANG_WARN_EMPTY_BODY = YES;
				CLANG_WARN_ENUM_CONVERSION = YES;
				CLANG_WARN_INT_CONVERSION = YES;
				CLANG_WARN_OBJC_ROOT_CLASS = YES_ERROR;
				CLANG_WARN__DUPLICATE_METHOD_MATCH = YES;
				"CODE_SIGN_IDENTITY[sdk=iphoneos*]" = "iPhone Developer";
				COPY_PHASE_STRIP = NO;
				GCC_C_LANGUAGE_STANDARD = gnu99;
				GCC_DYNAMIC_NO_PIC = NO;
				GCC_OPTIMIZATION_LEVEL = 0;
				GCC_PREPROCESSOR_DEFINITIONS = (
					"DEBUG=1",
					"$(inherited)",
				);
				GCC_SYMBOLS_PRIVATE_EXTERN = NO;
				GCC_WARN_64_TO_32_BIT_CONVERSION = YES;
				GCC_WARN_ABOUT_RETURN_TYPE = YES_ERROR;
				GCC_WARN_UNDECLARED_SELECTOR = YES;
				GCC_WARN_UNINITIALIZED_AUTOS = YES_AGGRESSIVE;
				GCC_WARN_UNUSED_FUNCTION = YES;
				GCC_WARN_UNUSED_VARIABLE = YES;
				IPHONEOS_DEPLOYMENT_TARGET = 8.0;
				ONLY_ACTIVE_ARCH = YES;
				SDKROOT = iphoneos;
				TARGETED_DEVICE_FAMILY = "1,2";
			};
			name = Debug;
		};
		503C47F619881F6B008BC373 /* Release */ = {
			isa = XCBuildConfiguration;
			buildSettings = {
				ALWAYS_SEARCH_USER_PATHS = NO;
				CLANG_CXX_LANGUAGE_STANDARD = "gnu++0x";
				CLANG_CXX_LIBRARY = "libc++";
				CLANG_ENABLE_MODULES = YES;
				CLANG_ENABLE_OBJC_ARC = YES;
				CLANG_WARN_BOOL_CONVERSION = YES;
				CLANG_WARN_CONSTANT_CONVERSION = YES;
				CLANG_WARN_DIRECT_OBJC_ISA_USAGE = YES_ERROR;
				CLANG_WARN_EMPTY_BODY = YES;
				CLANG_WARN_ENUM_CONVERSION = YES;
				CLANG_WARN_INT_CONVERSION = YES;
				CLANG_WARN_OBJC_ROOT_CLASS = YES_ERROR;
				CLANG_WARN__DUPLICATE_METHOD_MATCH = YES;
				"CODE_SIGN_IDENTITY[sdk=iphoneos*]" = "iPhone Developer";
				COPY_PHASE_STRIP = YES;
				ENABLE_NS_ASSERTIONS = NO;
				GCC_C_LANGUAGE_STANDARD = gnu99;
				GCC_WARN_64_TO_32_BIT_CONVERSION = YES;
				GCC_WARN_ABOUT_RETURN_TYPE = YES_ERROR;
				GCC_WARN_UNDECLARED_SELECTOR = YES;
				GCC_WARN_UNINITIALIZED_AUTOS = YES_AGGRESSIVE;
				GCC_WARN_UNUSED_FUNCTION = YES;
				GCC_WARN_UNUSED_VARIABLE = YES;
				IPHONEOS_DEPLOYMENT_TARGET = 8.0;
				SDKROOT = iphoneos;
				TARGETED_DEVICE_FAMILY = "1,2";
				VALIDATE_PRODUCT = YES;
			};
			name = Release;
		};
		503C47F819881F6B008BC373 /* Debug */ = {
			isa = XCBuildConfiguration;
			buildSettings = {
				ASSETCATALOG_COMPILER_APPICON_NAME = AppIcon;
				ASSETCATALOG_COMPILER_LAUNCHIMAGE_NAME = LaunchImage;
				CODE_SIGN_IDENTITY = "iPhone Developer";
				"CODE_SIGN_IDENTITY[sdk=iphoneos*]" = "iPhone Developer";
				GCC_PRECOMPILE_PREFIX_HEADER = YES;
				GCC_PREFIX_HEADER = "mobile-vr-controller/mobile-vr-controller-Prefix.pch";
				INFOPLIST_FILE = "mobile-vr-controller/mobile-vr-controller-Info.plist";
				IPHONEOS_DEPLOYMENT_TARGET = 8.0;
				PRODUCT_NAME = "VR Touch Control";
				PROVISIONING_PROFILE = "";
				TARGETED_DEVICE_FAMILY = 1;
				WRAPPER_EXTENSION = app;
			};
			name = Debug;
		};
		503C47F919881F6B008BC373 /* Release */ = {
			isa = XCBuildConfiguration;
			buildSettings = {
				ASSETCATALOG_COMPILER_APPICON_NAME = AppIcon;
				ASSETCATALOG_COMPILER_LAUNCHIMAGE_NAME = LaunchImage;
				CODE_SIGN_IDENTITY = "iPhone Developer";
				"CODE_SIGN_IDENTITY[sdk=iphoneos*]" = "iPhone Developer";
				GCC_PRECOMPILE_PREFIX_HEADER = YES;
				GCC_PREFIX_HEADER = "mobile-vr-controller/mobile-vr-controller-Prefix.pch";
				INFOPLIST_FILE = "mobile-vr-controller/mobile-vr-controller-Info.plist";
				IPHONEOS_DEPLOYMENT_TARGET = 8.0;
				PRODUCT_NAME = "VR Touch Control";
				PROVISIONING_PROFILE = "";
				TARGETED_DEVICE_FAMILY = 1;
				WRAPPER_EXTENSION = app;
			};
			name = Release;
		};
/* End XCBuildConfiguration section */

/* Begin XCConfigurationList section */
		503C47BD19881F6B008BC373 /* Build configuration list for PBXProject "mobile-vr-controller" */ = {
			isa = XCConfigurationList;
			buildConfigurations = (
				503C47F519881F6B008BC373 /* Debug */,
				503C47F619881F6B008BC373 /* Release */,
			);
			defaultConfigurationIsVisible = 0;
			defaultConfigurationName = Release;
		};
		503C47F719881F6B008BC373 /* Build configuration list for PBXNativeTarget "mobile-vr-controller" */ = {
			isa = XCConfigurationList;
			buildConfigurations = (
				503C47F819881F6B008BC373 /* Debug */,
				503C47F919881F6B008BC373 /* Release */,
			);
			defaultConfigurationIsVisible = 0;
			defaultConfigurationName = Release;
		};
/* End XCConfigurationList section */
	};
	rootObject = 503C47BA19881F6B008BC373 /* Project object */;
}
